
Microsoft Visual Studio Solution File, Format Version 12.00
# Visual Studio Version 17
VisualStudioVersion = 17.9.34622.214
MinimumVisualStudioVersion = 10.0.40219.1
Project("{FAE04EC0-301F-11D3-BF4B-00C04F79EFBC}") = "kisbea6", "kisbea6\kisbea6.csproj", "{9DA603F1-8D5F-4E3F-A19A-8EFBD9A949A8}"
EndProject
Global
	GlobalSection(SolutionConfigurationPlatforms) = preSolution
		Debug|Any CPU = Debug|Any CPU
		Release|Any CPU = Release|Any CPU
	EndGlobalSection
	GlobalSection(ProjectConfigurationPlatforms) = postSolution
		{9DA603F1-8D5F-4E3F-A19A-8EFBD9A949A8}.Debug|Any CPU.ActiveCfg = Debug|Any CPU
		{9DA603F1-8D5F-4E3F-A19A-8EFBD9A949A8}.Debug|Any CPU.Build.0 = Debug|Any CPU
		{9DA603F1-8D5F-4E3F-A19A-8EFBD9A949A8}.Release|Any CPU.ActiveCfg = Release|Any CPU
		{9DA603F1-8D5F-4E3F-A19A-8EFBD9A949A8}.Release|Any CPU.Build.0 = Release|Any CPU
	EndGlobalSection
	GlobalSection(SolutionProperties) = preSolution
		HideSolutionNode = FALSE
	EndGlobalSection
	GlobalSection(ExtensibilityGlobals) = postSolution
		SolutionGuid = {A9CB3826-293B-4FB3-A4A4-C925FE7955B2}
	EndGlobalSection
EndGlobal
