
Microsoft Visual Studio Solution File, Format Version 12.00
# Visual Studio Version 17
VisualStudioVersion = 17.5.002.0
MinimumVisualStudioVersion = 10.0.40219.1
Project("{9A19103F-16F7-4668-BE54-9A1E7A4F7556}") = "hazi1", "hazi1.csproj", "{29B4074C-1FE7-4F39-B4EA-9C2E7D8A9E81}"
EndProject
Global
	GlobalSection(SolutionConfigurationPlatforms) = preSolution
		Debug|Any CPU = Debug|Any CPU
		Release|Any CPU = Release|Any CPU
	EndGlobalSection
	GlobalSection(ProjectConfigurationPlatforms) = postSolution
		{29B4074C-1FE7-4F39-B4EA-9C2E7D8A9E81}.Debug|Any CPU.ActiveCfg = Debug|Any CPU
		{29B4074C-1FE7-4F39-B4EA-9C2E7D8A9E81}.Debug|Any CPU.Build.0 = Debug|Any CPU
		{29B4074C-1FE7-4F39-B4EA-9C2E7D8A9E81}.Release|Any CPU.ActiveCfg = Release|Any CPU
		{29B4074C-1FE7-4F39-B4EA-9C2E7D8A9E81}.Release|Any CPU.Build.0 = Release|Any CPU
	EndGlobalSection
	GlobalSection(SolutionProperties) = preSolution
		HideSolutionNode = FALSE
	EndGlobalSection
	GlobalSection(ExtensibilityGlobals) = postSolution
		SolutionGuid = {155D6DA1-A342-4C3C-BA29-3DA281637797}
	EndGlobalSection
EndGlobal
